
Microsoft Visual Studio Solution File, Format Version 12.00
# Visual Studio Version 17
VisualStudioVersion = 17.5.33502.453
MinimumVisualStudioVersion = 10.0.40219.1
Project("{FAE04EC0-301F-11D3-BF4B-00C04F79EFBC}") = "DentalClinicWeb", "DentalClinicWeb\DentalClinicWeb.csproj", "{BEE3058D-02AA-452D-93B7-3C55A560B2F0}"
EndProject
Global
	GlobalSection(SolutionConfigurationPlatforms) = preSolution
		Debug|Any CPU = Debug|Any CPU
		Release|Any CPU = Release|Any CPU
	EndGlobalSection
	GlobalSection(ProjectConfigurationPlatforms) = postSolution
		{BEE3058D-02AA-452D-93B7-3C55A560B2F0}.Debug|Any CPU.ActiveCfg = Debug|Any CPU
		{BEE3058D-02AA-452D-93B7-3C55A560B2F0}.Debug|Any CPU.Build.0 = Debug|Any CPU
		{BEE3058D-02AA-452D-93B7-3C55A560B2F0}.Release|Any CPU.ActiveCfg = Release|Any CPU
		{BEE3058D-02AA-452D-93B7-3C55A560B2F0}.Release|Any CPU.Build.0 = Release|Any CPU
	EndGlobalSection
	GlobalSection(SolutionProperties) = preSolution
		HideSolutionNode = FALSE
	EndGlobalSection
	GlobalSection(ExtensibilityGlobals) = postSolution
		SolutionGuid = {3FCF9E83-C1BD-4F52-8E6D-B07A05E34453}
	EndGlobalSection
EndGlobal
